<?xml version="1.0" encoding="UTF-8" standalone="yes" ?>
<CodeBlocks_project_file>
	<FileVersion major="1" minor="6" />
	<Project>
		<Option title="SentenceFilter" />
		<Option pch_mode="2" />
		<Option compiler="gcc" />
		<Build>
			<Target title="Debug">
				<Option output="bin/Debug/SentenceFilter" prefix_auto="1" extension_auto="1" />
				<Option object_output="obj/Debug/" />
				<Option type="1" />
				<Option compiler="gcc" />
				<Option projectCompilerOptionsRelation="2" />
				<Compiler>
					<Add option="-w" />
					<Add option="-std=c++11" />
					<Add option="-g" />
					<Add directory="include" />
					<Add directory="/usr/include" />
				</Compiler>
				<Linker>
					<Add option="-lmysqlcppconn -lboost_regex -pthread -Wl,--no-as-needed -ldl" />
					<Add library="/usr/lib/libboost_regex.a" />
				</Linker>
			</Target>
			<Target title="Release">
				<Option output="bin/Release/SentenceFilter" prefix_auto="1" extension_auto="1" />
				<Option object_output="obj/Release/" />
				<Option type="1" />
				<Option compiler="gcc" />
				<Compiler>
					<Add option="-O3" />
					<Add option="-std=c++11" />
					<Add directory="include" />
				</Compiler>
				<Linker>
					<Add option="-s" />
					<Add option="-lmysqlcppconn -lboost_regex -pthread -Wl,--no-as-needed -ldl" />
					<Add library="/usr/lib/libboost_regex.a" />
				</Linker>
			</Target>
		</Build>
		<Compiler>
			<Add option="-Wall" />
			<Add option="-fexceptions" />
		</Compiler>
		<Unit filename="include/SentenceFilter.h" />
		<Unit filename="main.cpp" />
		<Unit filename="src/SentenceFilter.cpp" />
		<Extensions>
			<code_completion />
			<debugger />
			<envvars />
		</Extensions>
	</Project>
</CodeBlocks_project_file>
